{
  "object": {
    "pins": [
      {
        "package": "AppBackgroundView",
        "repositoryURL": "https://github.com/reuschj/AppBackgroundView.git",
        "state": {
          "branch": null,
          "revision": "407ad7578c3aec4a342fcd50abf0fa0d5ec33f54",
          "version": "1.0.0"
        }
      },
      {
        "package": "DecimalTime",
        "repositoryURL": "https://github.com/reuschj/DecimalTime",
        "state": {
          "branch": null,
          "revision": "d1046f21d3bb39ac3388cd35db627b1d63b0892e",
          "version": "1.0.2"
        }
      },
      {
        "package": "Percent",
        "repositoryURL": "https://github.com/reuschj/Percent.git",
        "state": {
          "branch": null,
          "revision": "2eb30850ca17a851a50af6e837ce6cc20c805243",
          "version": "1.0.0"
        }
      },
      {
        "package": "RotatableStack",
        "repositoryURL": "https://github.com/reuschj/RotatableStack.git",
        "state": {
          "branch": null,
          "revision": "031504d6954701b8b9f9f165201969e90d843a79",
          "version": "1.0.0"
        }
      },
      {
        "package": "StrokedShape",
        "repositoryURL": "https://github.com/reuschj/StrokedShape.git",
        "state": {
          "branch": null,
          "revision": "72c810708225ddfc8d617634144c15c982f0261e",
          "version": "1.0.2"
        }
      },
      {
        "package": "TimeKeeper",
        "repositoryURL": "https://github.com/reuschj/TimeKeeper.git",
        "state": {
          "branch": null,
          "revision": "d79c7839da9512023d0c0d62ef836c9d45ddcde0",
          "version": "0.5.1"
        }
      }
    ]
  },
  "version": 1
}
