{
  "object": {
    "pins": [
      {
        "package": "RotatableStack",
        "repositoryURL": "https://github.com/reuschj/RotatableStack.git",
        "state": {
          "branch": "master",
          "revision": "28562069f308d518823fdf6aafabaff8f849212c",
          "version": null
        }
      },
      {
        "package": "TimeKeeper",
        "repositoryURL": "https://github.com/reuschj/TimeKeeper.git",
        "state": {
          "branch": "master",
          "revision": "22056f3e63a57a0e479e487b6c777c93589e32f1",
          "version": null
        }
      }
    ]
  },
  "version": 1
}
