// !$*UTF8*$!
{
	archiveVersion = 1;
	classes = {
	};
	objectVersion = 52;
	objects = {

/* Begin PBXBuildFile section */
		A409FC47239C3D8B0029A523 /* TickTockDisplayView.swift in Sources */ = {isa = PBXBuildFile; fileRef = A409FC46239C3D8B0029A523 /* TickTockDisplayView.swift */; };
		A409FC49239CAFDB0029A523 /* types.swift in Sources */ = {isa = PBXBuildFile; fileRef = A409FC48239CAFDB0029A523 /* types.swift */; };
		A41ECDB7238116F700AF9932 /* PeriodDisplayView.swift in Sources */ = {isa = PBXBuildFile; fileRef = A41ECDB6238116F600AF9932 /* PeriodDisplayView.swift */; };
		A46C8770246B0DC700C188F1 /* TimeInterval.swift in Sources */ = {isa = PBXBuildFile; fileRef = A46C876F246B0DC700C188F1 /* TimeInterval.swift */; };
		A46C8774246BA1BF00C188F1 /* MajorMonoDisplay-Regular.ttf in Resources */ = {isa = PBXBuildFile; fileRef = A46C8773246BA1BF00C188F1 /* MajorMonoDisplay-Regular.ttf */; };
		A46C877A246BA2A100C188F1 /* Montserrat-Medium.ttf in Resources */ = {isa = PBXBuildFile; fileRef = A46C8776246BA2A000C188F1 /* Montserrat-Medium.ttf */; };
		A46C877B246BA2A100C188F1 /* Montserrat-Thin.ttf in Resources */ = {isa = PBXBuildFile; fileRef = A46C8777246BA2A000C188F1 /* Montserrat-Thin.ttf */; };
		A46C877C246BA2A100C188F1 /* Montserrat-Regular.ttf in Resources */ = {isa = PBXBuildFile; fileRef = A46C8778246BA2A100C188F1 /* Montserrat-Regular.ttf */; };
		A46C877D246BA2A100C188F1 /* Montserrat-Light.ttf in Resources */ = {isa = PBXBuildFile; fileRef = A46C8779246BA2A100C188F1 /* Montserrat-Light.ttf */; };
		A46C8781246BA39900C188F1 /* Montserrat-Black.ttf in Resources */ = {isa = PBXBuildFile; fileRef = A46C877E246BA39900C188F1 /* Montserrat-Black.ttf */; };
		A46C8782246BA39900C188F1 /* Montserrat-Bold.ttf in Resources */ = {isa = PBXBuildFile; fileRef = A46C877F246BA39900C188F1 /* Montserrat-Bold.ttf */; };
		A46C8783246BA39900C188F1 /* Montserrat-Italic.ttf in Resources */ = {isa = PBXBuildFile; fileRef = A46C8780246BA39900C188F1 /* Montserrat-Italic.ttf */; };
		A46C8786246BAC5B00C188F1 /* CustomFonts.swift in Sources */ = {isa = PBXBuildFile; fileRef = A46C8785246BAC5B00C188F1 /* CustomFonts.swift */; };
		A46C8788246BAD0700C188F1 /* Utility.swift in Sources */ = {isa = PBXBuildFile; fileRef = A46C8787246BAD0700C188F1 /* Utility.swift */; };
		A46C878B246BB18D00C188F1 /* ClockThemeSettings.swift in Sources */ = {isa = PBXBuildFile; fileRef = A46C878A246BB18D00C188F1 /* ClockThemeSettings.swift */; };
		A46C878E246C5CCF00C188F1 /* Color.swift in Sources */ = {isa = PBXBuildFile; fileRef = A46C878D246C5CCF00C188F1 /* Color.swift */; };
		A46C8790246D138500C188F1 /* Font.swift in Sources */ = {isa = PBXBuildFile; fileRef = A46C878F246D138500C188F1 /* Font.swift */; };
		A481008D236E881B0072E4D2 /* TimeKeeper in Frameworks */ = {isa = PBXBuildFile; productRef = A481008C236E881B0072E4D2 /* TimeKeeper */; };
		A481008F236E8ADE0072E4D2 /* ClockTimeEmitter.swift in Sources */ = {isa = PBXBuildFile; fileRef = A481008E236E8ADE0072E4D2 /* ClockTimeEmitter.swift */; };
		A4810094236F3B090072E4D2 /* RotatableStack in Frameworks */ = {isa = PBXBuildFile; productRef = A4810093236F3B090072E4D2 /* RotatableStack */; };
		A4ADC5B12362C0390019C756 /* strings.swift in Sources */ = {isa = PBXBuildFile; fileRef = A4ADC5B02362C0390019C756 /* strings.swift */; };
		A4B01A1F2363F4C500AF5D14 /* Localizable.strings in Resources */ = {isa = PBXBuildFile; fileRef = A4B01A212363F4C500AF5D14 /* Localizable.strings */; };
		A4B01A272364115B00AF5D14 /* ClockTicks.swift in Sources */ = {isa = PBXBuildFile; fileRef = A4B01A262364115B00AF5D14 /* ClockTicks.swift */; };
		A4B01A292364A4AA00AF5D14 /* SectionHeaderText.swift in Sources */ = {isa = PBXBuildFile; fileRef = A4B01A282364A4AA00AF5D14 /* SectionHeaderText.swift */; };
		A4B01A2B2364BD5700AF5D14 /* MainDisplay.swift in Sources */ = {isa = PBXBuildFile; fileRef = A4B01A2A2364BD5700AF5D14 /* MainDisplay.swift */; };
		A4B60F2A23484F7100797A3B /* UIMeasurement.swift in Sources */ = {isa = PBXBuildFile; fileRef = A4B60F2923484F7100797A3B /* UIMeasurement.swift */; };
		A4B60F2E234AE80B00797A3B /* limitToRange.swift in Sources */ = {isa = PBXBuildFile; fileRef = A4B60F2D234AE80B00797A3B /* limitToRange.swift */; };
		A4DFE134233DCAC200164D30 /* AppDelegate.swift in Sources */ = {isa = PBXBuildFile; fileRef = A4DFE133233DCAC200164D30 /* AppDelegate.swift */; };
		A4DFE136233DCAC200164D30 /* SceneDelegate.swift in Sources */ = {isa = PBXBuildFile; fileRef = A4DFE135233DCAC200164D30 /* SceneDelegate.swift */; };
		A4DFE138233DCAC200164D30 /* ContentView.swift in Sources */ = {isa = PBXBuildFile; fileRef = A4DFE137233DCAC200164D30 /* ContentView.swift */; };
		A4DFE13A233DCAC400164D30 /* Assets.xcassets in Resources */ = {isa = PBXBuildFile; fileRef = A4DFE139233DCAC400164D30 /* Assets.xcassets */; };
		A4DFE13D233DCAC400164D30 /* Preview Assets.xcassets in Resources */ = {isa = PBXBuildFile; fileRef = A4DFE13C233DCAC400164D30 /* Preview Assets.xcassets */; };
		A4DFE140233DCAC400164D30 /* LaunchScreen.storyboard in Resources */ = {isa = PBXBuildFile; fileRef = A4DFE13E233DCAC400164D30 /* LaunchScreen.storyboard */; };
		A4DFE14B233DCAC400164D30 /* AnalogClockTests.swift in Sources */ = {isa = PBXBuildFile; fileRef = A4DFE14A233DCAC400164D30 /* AnalogClockTests.swift */; };
		A4DFE156233DCAC400164D30 /* AnalogClockUITests.swift in Sources */ = {isa = PBXBuildFile; fileRef = A4DFE155233DCAC400164D30 /* AnalogClockUITests.swift */; };
		A4DFE17D233DCD0100164D30 /* ClockHandType.swift in Sources */ = {isa = PBXBuildFile; fileRef = A4DFE167233DCD0100164D30 /* ClockHandType.swift */; };
		A4DFE17E233DCD0100164D30 /* ClockHandController.swift in Sources */ = {isa = PBXBuildFile; fileRef = A4DFE168233DCD0100164D30 /* ClockHandController.swift */; };
		A4DFE17F233DCD0100164D30 /* ClockType.swift in Sources */ = {isa = PBXBuildFile; fileRef = A4DFE169233DCD0100164D30 /* ClockType.swift */; };
		A4DFE180233DCD0100164D30 /* AppSettings.swift in Sources */ = {isa = PBXBuildFile; fileRef = A4DFE16B233DCD0100164D30 /* AppSettings.swift */; };
		A4DFE18C233DCD0100164D30 /* Ratio.swift in Sources */ = {isa = PBXBuildFile; fileRef = A4DFE17C233DCD0100164D30 /* Ratio.swift */; };
		A4EEAD77237295A500297682 /* defaultKeys.swift in Sources */ = {isa = PBXBuildFile; fileRef = A4EEAD76237295A500297682 /* defaultKeys.swift */; };
		A4F0ADD4236159B500C74EE9 /* SettingsPanel.swift in Sources */ = {isa = PBXBuildFile; fileRef = A4F0ADD3236159B500C74EE9 /* SettingsPanel.swift */; };
		A4F0ADD623616E9C00C74EE9 /* SettingsLink.swift in Sources */ = {isa = PBXBuildFile; fileRef = A4F0ADD523616E9C00C74EE9 /* SettingsLink.swift */; };
		A4FEB0CD23582B3700EA11F9 /* AnalogClockView.swift in Sources */ = {isa = PBXBuildFile; fileRef = A4FEB0CC23582B3700EA11F9 /* AnalogClockView.swift */; };
		A4FEB0D023582BDF00EA11F9 /* ClockNumbers.swift in Sources */ = {isa = PBXBuildFile; fileRef = A4FEB0CF23582BDF00EA11F9 /* ClockNumbers.swift */; };
		A4FEB0D223582C0300EA11F9 /* ClockHands.swift in Sources */ = {isa = PBXBuildFile; fileRef = A4FEB0D123582C0300EA11F9 /* ClockHands.swift */; };
		A4FEB0D523582C4900EA11F9 /* DigitalClockView.swift in Sources */ = {isa = PBXBuildFile; fileRef = A4FEB0D423582C4900EA11F9 /* DigitalClockView.swift */; };
		A4FEB0D723582C6E00EA11F9 /* DigitalClockDateComponents.swift in Sources */ = {isa = PBXBuildFile; fileRef = A4FEB0D623582C6E00EA11F9 /* DigitalClockDateComponents.swift */; };
		A4FEB0D923582EA500EA11F9 /* Utilities.swift in Sources */ = {isa = PBXBuildFile; fileRef = A4FEB0D823582EA500EA11F9 /* Utilities.swift */; };
		A4FEB0DB2358335F00EA11F9 /* ClockPrecision.swift in Sources */ = {isa = PBXBuildFile; fileRef = A4FEB0DA2358335F00EA11F9 /* ClockPrecision.swift */; };
		A4FEB0DE235CCCE300EA11F9 /* DateDisplayView.swift in Sources */ = {isa = PBXBuildFile; fileRef = A4FEB0DD235CCCE300EA11F9 /* DateDisplayView.swift */; };
/* End PBXBuildFile section */

/* Begin PBXContainerItemProxy section */
		A4DFE147233DCAC400164D30 /* PBXContainerItemProxy */ = {
			isa = PBXContainerItemProxy;
			containerPortal = A4DFE128233DCAC200164D30 /* Project object */;
			proxyType = 1;
			remoteGlobalIDString = A4DFE12F233DCAC200164D30;
			remoteInfo = AnalogClock;
		};
		A4DFE152233DCAC400164D30 /* PBXContainerItemProxy */ = {
			isa = PBXContainerItemProxy;
			containerPortal = A4DFE128233DCAC200164D30 /* Project object */;
			proxyType = 1;
			remoteGlobalIDString = A4DFE12F233DCAC200164D30;
			remoteInfo = AnalogClock;
		};
/* End PBXContainerItemProxy section */

/* Begin PBXFileReference section */
		A409FC46239C3D8B0029A523 /* TickTockDisplayView.swift */ = {isa = PBXFileReference; lastKnownFileType = sourcecode.swift; path = TickTockDisplayView.swift; sourceTree = "<group>"; };
		A409FC48239CAFDB0029A523 /* types.swift */ = {isa = PBXFileReference; lastKnownFileType = sourcecode.swift; path = types.swift; sourceTree = "<group>"; };
		A41ECDB6238116F600AF9932 /* PeriodDisplayView.swift */ = {isa = PBXFileReference; fileEncoding = 4; lastKnownFileType = sourcecode.swift; path = PeriodDisplayView.swift; sourceTree = "<group>"; };
		A46C876F246B0DC700C188F1 /* TimeInterval.swift */ = {isa = PBXFileReference; lastKnownFileType = sourcecode.swift; path = TimeInterval.swift; sourceTree = "<group>"; };
		A46C8773246BA1BF00C188F1 /* MajorMonoDisplay-Regular.ttf */ = {isa = PBXFileReference; lastKnownFileType = file; path = "MajorMonoDisplay-Regular.ttf"; sourceTree = "<group>"; };
		A46C8776246BA2A000C188F1 /* Montserrat-Medium.ttf */ = {isa = PBXFileReference; lastKnownFileType = file; path = "Montserrat-Medium.ttf"; sourceTree = "<group>"; };
		A46C8777246BA2A000C188F1 /* Montserrat-Thin.ttf */ = {isa = PBXFileReference; lastKnownFileType = file; path = "Montserrat-Thin.ttf"; sourceTree = "<group>"; };
		A46C8778246BA2A100C188F1 /* Montserrat-Regular.ttf */ = {isa = PBXFileReference; lastKnownFileType = file; path = "Montserrat-Regular.ttf"; sourceTree = "<group>"; };
		A46C8779246BA2A100C188F1 /* Montserrat-Light.ttf */ = {isa = PBXFileReference; lastKnownFileType = file; path = "Montserrat-Light.ttf"; sourceTree = "<group>"; };
		A46C877E246BA39900C188F1 /* Montserrat-Black.ttf */ = {isa = PBXFileReference; lastKnownFileType = file; path = "Montserrat-Black.ttf"; sourceTree = "<group>"; };
		A46C877F246BA39900C188F1 /* Montserrat-Bold.ttf */ = {isa = PBXFileReference; lastKnownFileType = file; path = "Montserrat-Bold.ttf"; sourceTree = "<group>"; };
		A46C8780246BA39900C188F1 /* Montserrat-Italic.ttf */ = {isa = PBXFileReference; lastKnownFileType = file; path = "Montserrat-Italic.ttf"; sourceTree = "<group>"; };
		A46C8785246BAC5B00C188F1 /* CustomFonts.swift */ = {isa = PBXFileReference; lastKnownFileType = sourcecode.swift; path = CustomFonts.swift; sourceTree = "<group>"; };
		A46C8787246BAD0700C188F1 /* Utility.swift */ = {isa = PBXFileReference; lastKnownFileType = sourcecode.swift; path = Utility.swift; sourceTree = "<group>"; };
		A46C878A246BB18D00C188F1 /* ClockThemeSettings.swift */ = {isa = PBXFileReference; lastKnownFileType = sourcecode.swift; path = ClockThemeSettings.swift; sourceTree = "<group>"; };
		A46C878D246C5CCF00C188F1 /* Color.swift */ = {isa = PBXFileReference; lastKnownFileType = sourcecode.swift; path = Color.swift; sourceTree = "<group>"; };
		A46C878F246D138500C188F1 /* Font.swift */ = {isa = PBXFileReference; lastKnownFileType = sourcecode.swift; path = Font.swift; sourceTree = "<group>"; };
		A4707235235EA2EC00EF9F5C /* AnalogClock.entitlements */ = {isa = PBXFileReference; lastKnownFileType = text.plist.entitlements; path = AnalogClock.entitlements; sourceTree = "<group>"; };
		A481008E236E8ADE0072E4D2 /* ClockTimeEmitter.swift */ = {isa = PBXFileReference; lastKnownFileType = sourcecode.swift; path = ClockTimeEmitter.swift; sourceTree = "<group>"; };
		A4ADC5B02362C0390019C756 /* strings.swift */ = {isa = PBXFileReference; lastKnownFileType = sourcecode.swift; path = strings.swift; sourceTree = "<group>"; };
		A4B01A1D2363EDAE00AF5D14 /* es */ = {isa = PBXFileReference; lastKnownFileType = text.plist.strings; name = es; path = es.lproj/LaunchScreen.strings; sourceTree = "<group>"; };
		A4B01A1E2363EDB900AF5D14 /* vi */ = {isa = PBXFileReference; lastKnownFileType = text.plist.strings; name = vi; path = vi.lproj/LaunchScreen.strings; sourceTree = "<group>"; };
		A4B01A202363F4C500AF5D14 /* en */ = {isa = PBXFileReference; lastKnownFileType = text.plist.strings; name = en; path = en.lproj/Localizable.strings; sourceTree = "<group>"; };
		A4B01A222363F4D100AF5D14 /* es */ = {isa = PBXFileReference; lastKnownFileType = text.plist.strings; name = es; path = es.lproj/Localizable.strings; sourceTree = "<group>"; };
		A4B01A232363F4D200AF5D14 /* vi */ = {isa = PBXFileReference; lastKnownFileType = text.plist.strings; name = vi; path = vi.lproj/Localizable.strings; sourceTree = "<group>"; };
		A4B01A242363FC2A00AF5D14 /* pt-BR */ = {isa = PBXFileReference; lastKnownFileType = text.plist.strings; name = "pt-BR"; path = "pt-BR.lproj/LaunchScreen.strings"; sourceTree = "<group>"; };
		A4B01A252363FC2A00AF5D14 /* pt-BR */ = {isa = PBXFileReference; lastKnownFileType = text.plist.strings; name = "pt-BR"; path = "pt-BR.lproj/Localizable.strings"; sourceTree = "<group>"; };
		A4B01A262364115B00AF5D14 /* ClockTicks.swift */ = {isa = PBXFileReference; lastKnownFileType = sourcecode.swift; path = ClockTicks.swift; sourceTree = "<group>"; };
		A4B01A282364A4AA00AF5D14 /* SectionHeaderText.swift */ = {isa = PBXFileReference; lastKnownFileType = sourcecode.swift; path = SectionHeaderText.swift; sourceTree = "<group>"; };
		A4B01A2A2364BD5700AF5D14 /* MainDisplay.swift */ = {isa = PBXFileReference; lastKnownFileType = sourcecode.swift; path = MainDisplay.swift; sourceTree = "<group>"; };
		A4B60F2923484F7100797A3B /* UIMeasurement.swift */ = {isa = PBXFileReference; lastKnownFileType = sourcecode.swift; path = UIMeasurement.swift; sourceTree = "<group>"; };
		A4B60F2D234AE80B00797A3B /* limitToRange.swift */ = {isa = PBXFileReference; lastKnownFileType = sourcecode.swift; path = limitToRange.swift; sourceTree = "<group>"; };
		A4DFE130233DCAC200164D30 /* AnalogClock.app */ = {isa = PBXFileReference; explicitFileType = wrapper.application; includeInIndex = 0; path = AnalogClock.app; sourceTree = BUILT_PRODUCTS_DIR; };
		A4DFE133233DCAC200164D30 /* AppDelegate.swift */ = {isa = PBXFileReference; lastKnownFileType = sourcecode.swift; path = AppDelegate.swift; sourceTree = "<group>"; };
		A4DFE135233DCAC200164D30 /* SceneDelegate.swift */ = {isa = PBXFileReference; lastKnownFileType = sourcecode.swift; path = SceneDelegate.swift; sourceTree = "<group>"; };
		A4DFE137233DCAC200164D30 /* ContentView.swift */ = {isa = PBXFileReference; lastKnownFileType = sourcecode.swift; path = ContentView.swift; sourceTree = "<group>"; };
		A4DFE139233DCAC400164D30 /* Assets.xcassets */ = {isa = PBXFileReference; lastKnownFileType = folder.assetcatalog; path = Assets.xcassets; sourceTree = "<group>"; };
		A4DFE13C233DCAC400164D30 /* Preview Assets.xcassets */ = {isa = PBXFileReference; lastKnownFileType = folder.assetcatalog; path = "Preview Assets.xcassets"; sourceTree = "<group>"; };
		A4DFE13F233DCAC400164D30 /* Base */ = {isa = PBXFileReference; lastKnownFileType = file.storyboard; name = Base; path = Base.lproj/LaunchScreen.storyboard; sourceTree = "<group>"; };
		A4DFE141233DCAC400164D30 /* Info.plist */ = {isa = PBXFileReference; lastKnownFileType = text.plist.xml; path = Info.plist; sourceTree = "<group>"; };
		A4DFE146233DCAC400164D30 /* AnalogClockTests.xctest */ = {isa = PBXFileReference; explicitFileType = wrapper.cfbundle; includeInIndex = 0; path = AnalogClockTests.xctest; sourceTree = BUILT_PRODUCTS_DIR; };
		A4DFE14A233DCAC400164D30 /* AnalogClockTests.swift */ = {isa = PBXFileReference; lastKnownFileType = sourcecode.swift; path = AnalogClockTests.swift; sourceTree = "<group>"; };
		A4DFE14C233DCAC400164D30 /* Info.plist */ = {isa = PBXFileReference; lastKnownFileType = text.plist.xml; path = Info.plist; sourceTree = "<group>"; };
		A4DFE151233DCAC400164D30 /* AnalogClockUITests.xctest */ = {isa = PBXFileReference; explicitFileType = wrapper.cfbundle; includeInIndex = 0; path = AnalogClockUITests.xctest; sourceTree = BUILT_PRODUCTS_DIR; };
		A4DFE155233DCAC400164D30 /* AnalogClockUITests.swift */ = {isa = PBXFileReference; lastKnownFileType = sourcecode.swift; path = AnalogClockUITests.swift; sourceTree = "<group>"; };
		A4DFE157233DCAC400164D30 /* Info.plist */ = {isa = PBXFileReference; lastKnownFileType = text.plist.xml; path = Info.plist; sourceTree = "<group>"; };
		A4DFE163233DCB2600164D30 /* README.md */ = {isa = PBXFileReference; lastKnownFileType = net.daringfireball.markdown; path = README.md; sourceTree = "<group>"; };
		A4DFE167233DCD0100164D30 /* ClockHandType.swift */ = {isa = PBXFileReference; fileEncoding = 4; lastKnownFileType = sourcecode.swift; path = ClockHandType.swift; sourceTree = "<group>"; };
		A4DFE168233DCD0100164D30 /* ClockHandController.swift */ = {isa = PBXFileReference; fileEncoding = 4; lastKnownFileType = sourcecode.swift; path = ClockHandController.swift; sourceTree = "<group>"; };
		A4DFE169233DCD0100164D30 /* ClockType.swift */ = {isa = PBXFileReference; fileEncoding = 4; lastKnownFileType = sourcecode.swift; path = ClockType.swift; sourceTree = "<group>"; };
		A4DFE16B233DCD0100164D30 /* AppSettings.swift */ = {isa = PBXFileReference; fileEncoding = 4; lastKnownFileType = sourcecode.swift; path = AppSettings.swift; sourceTree = "<group>"; };
		A4DFE17C233DCD0100164D30 /* Ratio.swift */ = {isa = PBXFileReference; fileEncoding = 4; lastKnownFileType = sourcecode.swift; path = Ratio.swift; sourceTree = "<group>"; };
		A4EEAD76237295A500297682 /* defaultKeys.swift */ = {isa = PBXFileReference; lastKnownFileType = sourcecode.swift; path = defaultKeys.swift; sourceTree = "<group>"; };
		A4F0ADD3236159B500C74EE9 /* SettingsPanel.swift */ = {isa = PBXFileReference; lastKnownFileType = sourcecode.swift; path = SettingsPanel.swift; sourceTree = "<group>"; };
		A4F0ADD523616E9C00C74EE9 /* SettingsLink.swift */ = {isa = PBXFileReference; lastKnownFileType = sourcecode.swift; path = SettingsLink.swift; sourceTree = "<group>"; };
		A4FEB0CC23582B3700EA11F9 /* AnalogClockView.swift */ = {isa = PBXFileReference; lastKnownFileType = sourcecode.swift; path = AnalogClockView.swift; sourceTree = "<group>"; };
		A4FEB0CF23582BDF00EA11F9 /* ClockNumbers.swift */ = {isa = PBXFileReference; lastKnownFileType = sourcecode.swift; path = ClockNumbers.swift; sourceTree = "<group>"; };
		A4FEB0D123582C0300EA11F9 /* ClockHands.swift */ = {isa = PBXFileReference; lastKnownFileType = sourcecode.swift; path = ClockHands.swift; sourceTree = "<group>"; };
		A4FEB0D423582C4900EA11F9 /* DigitalClockView.swift */ = {isa = PBXFileReference; lastKnownFileType = sourcecode.swift; path = DigitalClockView.swift; sourceTree = "<group>"; };
		A4FEB0D623582C6E00EA11F9 /* DigitalClockDateComponents.swift */ = {isa = PBXFileReference; lastKnownFileType = sourcecode.swift; path = DigitalClockDateComponents.swift; sourceTree = "<group>"; };
		A4FEB0D823582EA500EA11F9 /* Utilities.swift */ = {isa = PBXFileReference; lastKnownFileType = sourcecode.swift; path = Utilities.swift; sourceTree = "<group>"; };
		A4FEB0DA2358335F00EA11F9 /* ClockPrecision.swift */ = {isa = PBXFileReference; lastKnownFileType = sourcecode.swift; path = ClockPrecision.swift; sourceTree = "<group>"; };
		A4FEB0DD235CCCE300EA11F9 /* DateDisplayView.swift */ = {isa = PBXFileReference; lastKnownFileType = sourcecode.swift; path = DateDisplayView.swift; sourceTree = "<group>"; };
/* End PBXFileReference section */

/* Begin PBXFrameworksBuildPhase section */
		A4DFE12D233DCAC200164D30 /* Frameworks */ = {
			isa = PBXFrameworksBuildPhase;
			buildActionMask = 2147483647;
			files = (
				A4810094236F3B090072E4D2 /* RotatableStack in Frameworks */,
				A481008D236E881B0072E4D2 /* TimeKeeper in Frameworks */,
			);
			runOnlyForDeploymentPostprocessing = 0;
		};
		A4DFE143233DCAC400164D30 /* Frameworks */ = {
			isa = PBXFrameworksBuildPhase;
			buildActionMask = 2147483647;
			files = (
			);
			runOnlyForDeploymentPostprocessing = 0;
		};
		A4DFE14E233DCAC400164D30 /* Frameworks */ = {
			isa = PBXFrameworksBuildPhase;
			buildActionMask = 2147483647;
			files = (
			);
			runOnlyForDeploymentPostprocessing = 0;
		};
/* End PBXFrameworksBuildPhase section */

/* Begin PBXGroup section */
		A412921C236BF848008410B5 /* Clock */ = {
			isa = PBXGroup;
			children = (
				A4FEB0DA2358335F00EA11F9 /* ClockPrecision.swift */,
				A4DFE167233DCD0100164D30 /* ClockHandType.swift */,
				A4DFE169233DCD0100164D30 /* ClockType.swift */,
				A4DFE168233DCD0100164D30 /* ClockHandController.swift */,
				A481008E236E8ADE0072E4D2 /* ClockTimeEmitter.swift */,
			);
			path = Clock;
			sourceTree = "<group>";
		};
		A46C876E246B0D7900C188F1 /* Extensions */ = {
			isa = PBXGroup;
			children = (
				A46C876F246B0DC700C188F1 /* TimeInterval.swift */,
			);
			path = Extensions;
			sourceTree = "<group>";
		};
		A46C8771246BA18A00C188F1 /* Fonts */ = {
			isa = PBXGroup;
			children = (
				A46C8775246BA27B00C188F1 /* Montserrat */,
				A46C8772246BA19D00C188F1 /* MajorMonoDisplay */,
			);
			path = Fonts;
			sourceTree = "<group>";
		};
		A46C8772246BA19D00C188F1 /* MajorMonoDisplay */ = {
			isa = PBXGroup;
			children = (
				A46C8773246BA1BF00C188F1 /* MajorMonoDisplay-Regular.ttf */,
			);
			path = MajorMonoDisplay;
			sourceTree = "<group>";
		};
		A46C8775246BA27B00C188F1 /* Montserrat */ = {
			isa = PBXGroup;
			children = (
				A46C8779246BA2A100C188F1 /* Montserrat-Light.ttf */,
				A46C8776246BA2A000C188F1 /* Montserrat-Medium.ttf */,
				A46C8778246BA2A100C188F1 /* Montserrat-Regular.ttf */,
				A46C8777246BA2A000C188F1 /* Montserrat-Thin.ttf */,
				A46C877E246BA39900C188F1 /* Montserrat-Black.ttf */,
				A46C877F246BA39900C188F1 /* Montserrat-Bold.ttf */,
				A46C8780246BA39900C188F1 /* Montserrat-Italic.ttf */,
			);
			path = Montserrat;
			sourceTree = "<group>";
		};
		A46C8784246BAC0D00C188F1 /* Fonts */ = {
			isa = PBXGroup;
			children = (
				A46C8785246BAC5B00C188F1 /* CustomFonts.swift */,
				A46C8787246BAD0700C188F1 /* Utility.swift */,
			);
			path = Fonts;
			sourceTree = "<group>";
		};
		A46C8789246BB17000C188F1 /* Themes */ = {
			isa = PBXGroup;
			children = (
				A46C878A246BB18D00C188F1 /* ClockThemeSettings.swift */,
			);
			path = Themes;
			sourceTree = "<group>";
		};
		A46C878C246C5CBD00C188F1 /* Extensions */ = {
			isa = PBXGroup;
			children = (
				A46C878D246C5CCF00C188F1 /* Color.swift */,
				A46C878F246D138500C188F1 /* Font.swift */,
			);
			path = Extensions;
			sourceTree = "<group>";
		};
		A4DFE127233DCAC200164D30 = {
			isa = PBXGroup;
			children = (
				A46C8771246BA18A00C188F1 /* Fonts */,
				A4DFE163233DCB2600164D30 /* README.md */,
				A4DFE132233DCAC200164D30 /* AnalogClock */,
				A4DFE149233DCAC400164D30 /* AnalogClockTests */,
				A4DFE154233DCAC400164D30 /* AnalogClockUITests */,
				A4DFE131233DCAC200164D30 /* Products */,
			);
			sourceTree = "<group>";
		};
		A4DFE131233DCAC200164D30 /* Products */ = {
			isa = PBXGroup;
			children = (
				A4DFE130233DCAC200164D30 /* AnalogClock.app */,
				A4DFE146233DCAC400164D30 /* AnalogClockTests.xctest */,
				A4DFE151233DCAC400164D30 /* AnalogClockUITests.xctest */,
			);
			name = Products;
			sourceTree = "<group>";
		};
		A4DFE132233DCAC200164D30 /* AnalogClock */ = {
			isa = PBXGroup;
			children = (
				A4707235235EA2EC00EF9F5C /* AnalogClock.entitlements */,
				A4DFE1AE2342FE8F00164D30 /* UI */,
				A4DFE165233DCD0100164D30 /* Definitions */,
				A46C876E246B0D7900C188F1 /* Extensions */,
				A4DFE17B233DCD0100164D30 /* Utilities */,
				A4DFE133233DCAC200164D30 /* AppDelegate.swift */,
				A4DFE135233DCAC200164D30 /* SceneDelegate.swift */,
				A4DFE137233DCAC200164D30 /* ContentView.swift */,
				A4DFE139233DCAC400164D30 /* Assets.xcassets */,
				A4DFE13E233DCAC400164D30 /* LaunchScreen.storyboard */,
				A4DFE141233DCAC400164D30 /* Info.plist */,
				A4B01A212363F4C500AF5D14 /* Localizable.strings */,
				A4ADC5B02362C0390019C756 /* strings.swift */,
				A4DFE13B233DCAC400164D30 /* Preview Content */,
			);
			path = AnalogClock;
			sourceTree = "<group>";
		};
		A4DFE13B233DCAC400164D30 /* Preview Content */ = {
			isa = PBXGroup;
			children = (
				A4DFE13C233DCAC400164D30 /* Preview Assets.xcassets */,
			);
			path = "Preview Content";
			sourceTree = "<group>";
		};
		A4DFE149233DCAC400164D30 /* AnalogClockTests */ = {
			isa = PBXGroup;
			children = (
				A4DFE14A233DCAC400164D30 /* AnalogClockTests.swift */,
				A4DFE14C233DCAC400164D30 /* Info.plist */,
			);
			path = AnalogClockTests;
			sourceTree = "<group>";
		};
		A4DFE154233DCAC400164D30 /* AnalogClockUITests */ = {
			isa = PBXGroup;
			children = (
				A4DFE155233DCAC400164D30 /* AnalogClockUITests.swift */,
				A4DFE157233DCAC400164D30 /* Info.plist */,
			);
			path = AnalogClockUITests;
			sourceTree = "<group>";
		};
		A4DFE165233DCD0100164D30 /* Definitions */ = {
			isa = PBXGroup;
			children = (
				A412921C236BF848008410B5 /* Clock */,
				A4DFE16A233DCD0100164D30 /* App */,
				A4F73E5923504A5A0067525D /* UI */,
			);
			path = Definitions;
			sourceTree = "<group>";
		};
		A4DFE16A233DCD0100164D30 /* App */ = {
			isa = PBXGroup;
			children = (
				A4EEAD76237295A500297682 /* defaultKeys.swift */,
				A4DFE16B233DCD0100164D30 /* AppSettings.swift */,
				A4FEB0D823582EA500EA11F9 /* Utilities.swift */,
			);
			path = App;
			sourceTree = "<group>";
		};
		A4DFE17B233DCD0100164D30 /* Utilities */ = {
			isa = PBXGroup;
			children = (
				A4DFE17C233DCD0100164D30 /* Ratio.swift */,
				A4B60F2D234AE80B00797A3B /* limitToRange.swift */,
			);
			path = Utilities;
			sourceTree = "<group>";
		};
		A4DFE1AE2342FE8F00164D30 /* UI */ = {
			isa = PBXGroup;
			children = (
				A46C878C246C5CBD00C188F1 /* Extensions */,
				A46C8789246BB17000C188F1 /* Themes */,
				A46C8784246BAC0D00C188F1 /* Fonts */,
				A4FEB0CE23582BC500EA11F9 /* AnalogClock */,
				A4FEB0D323582C3A00EA11F9 /* DigitalClock and Date */,
				A4F0ADD22361597F00C74EE9 /* Settings */,
				A4B01A2A2364BD5700AF5D14 /* MainDisplay.swift */,
			);
			path = UI;
			sourceTree = "<group>";
		};
		A4F0ADD22361597F00C74EE9 /* Settings */ = {
			isa = PBXGroup;
			children = (
				A4F0ADD3236159B500C74EE9 /* SettingsPanel.swift */,
				A4F0ADD523616E9C00C74EE9 /* SettingsLink.swift */,
				A4B01A282364A4AA00AF5D14 /* SectionHeaderText.swift */,
			);
			path = Settings;
			sourceTree = "<group>";
		};
		A4F73E5923504A5A0067525D /* UI */ = {
			isa = PBXGroup;
			children = (
				A409FC48239CAFDB0029A523 /* types.swift */,
				A4B60F2923484F7100797A3B /* UIMeasurement.swift */,
			);
			path = UI;
			sourceTree = "<group>";
		};
		A4FEB0CE23582BC500EA11F9 /* AnalogClock */ = {
			isa = PBXGroup;
			children = (
				A41ECDB6238116F600AF9932 /* PeriodDisplayView.swift */,
				A4FEB0CC23582B3700EA11F9 /* AnalogClockView.swift */,
				A4FEB0CF23582BDF00EA11F9 /* ClockNumbers.swift */,
				A4FEB0D123582C0300EA11F9 /* ClockHands.swift */,
				A4B01A262364115B00AF5D14 /* ClockTicks.swift */,
				A409FC46239C3D8B0029A523 /* TickTockDisplayView.swift */,
			);
			path = AnalogClock;
			sourceTree = "<group>";
		};
		A4FEB0D323582C3A00EA11F9 /* DigitalClock and Date */ = {
			isa = PBXGroup;
			children = (
				A4FEB0DD235CCCE300EA11F9 /* DateDisplayView.swift */,
				A4FEB0D423582C4900EA11F9 /* DigitalClockView.swift */,
				A4FEB0D623582C6E00EA11F9 /* DigitalClockDateComponents.swift */,
			);
			path = "DigitalClock and Date";
			sourceTree = "<group>";
		};
/* End PBXGroup section */

/* Begin PBXNativeTarget section */
		A4DFE12F233DCAC200164D30 /* AnalogClock */ = {
			isa = PBXNativeTarget;
			buildConfigurationList = A4DFE15A233DCAC400164D30 /* Build configuration list for PBXNativeTarget "AnalogClock" */;
			buildPhases = (
				A4DFE12C233DCAC200164D30 /* Sources */,
				A4DFE12D233DCAC200164D30 /* Frameworks */,
				A4DFE12E233DCAC200164D30 /* Resources */,
			);
			buildRules = (
			);
			dependencies = (
			);
			name = AnalogClock;
			packageProductDependencies = (
				A481008C236E881B0072E4D2 /* TimeKeeper */,
				A4810093236F3B090072E4D2 /* RotatableStack */,
			);
			productName = AnalogClock;
			productReference = A4DFE130233DCAC200164D30 /* AnalogClock.app */;
			productType = "com.apple.product-type.application";
		};
		A4DFE145233DCAC400164D30 /* AnalogClockTests */ = {
			isa = PBXNativeTarget;
			buildConfigurationList = A4DFE15D233DCAC400164D30 /* Build configuration list for PBXNativeTarget "AnalogClockTests" */;
			buildPhases = (
				A4DFE142233DCAC400164D30 /* Sources */,
				A4DFE143233DCAC400164D30 /* Frameworks */,
				A4DFE144233DCAC400164D30 /* Resources */,
			);
			buildRules = (
			);
			dependencies = (
				A4DFE148233DCAC400164D30 /* PBXTargetDependency */,
			);
			name = AnalogClockTests;
			productName = AnalogClockTests;
			productReference = A4DFE146233DCAC400164D30 /* AnalogClockTests.xctest */;
			productType = "com.apple.product-type.bundle.unit-test";
		};
		A4DFE150233DCAC400164D30 /* AnalogClockUITests */ = {
			isa = PBXNativeTarget;
			buildConfigurationList = A4DFE160233DCAC400164D30 /* Build configuration list for PBXNativeTarget "AnalogClockUITests" */;
			buildPhases = (
				A4DFE14D233DCAC400164D30 /* Sources */,
				A4DFE14E233DCAC400164D30 /* Frameworks */,
				A4DFE14F233DCAC400164D30 /* Resources */,
			);
			buildRules = (
			);
			dependencies = (
				A4DFE153233DCAC400164D30 /* PBXTargetDependency */,
			);
			name = AnalogClockUITests;
			productName = AnalogClockUITests;
			productReference = A4DFE151233DCAC400164D30 /* AnalogClockUITests.xctest */;
			productType = "com.apple.product-type.bundle.ui-testing";
		};
/* End PBXNativeTarget section */

/* Begin PBXProject section */
		A4DFE128233DCAC200164D30 /* Project object */ = {
			isa = PBXProject;
			attributes = {
				LastSwiftUpdateCheck = 1100;
				LastUpgradeCheck = 1100;
				ORGANIZATIONNAME = "Justin Reusch";
				TargetAttributes = {
					A4DFE12F233DCAC200164D30 = {
						CreatedOnToolsVersion = 11.0;
					};
					A4DFE145233DCAC400164D30 = {
						CreatedOnToolsVersion = 11.0;
						TestTargetID = A4DFE12F233DCAC200164D30;
					};
					A4DFE150233DCAC400164D30 = {
						CreatedOnToolsVersion = 11.0;
						TestTargetID = A4DFE12F233DCAC200164D30;
					};
				};
			};
			buildConfigurationList = A4DFE12B233DCAC200164D30 /* Build configuration list for PBXProject "AnalogClock" */;
			compatibilityVersion = "Xcode 9.3";
			developmentRegion = en;
			hasScannedForEncodings = 0;
			knownRegions = (
				en,
				Base,
				es,
				vi,
				"pt-BR",
			);
			mainGroup = A4DFE127233DCAC200164D30;
			packageReferences = (
				A481008B236E881B0072E4D2 /* XCRemoteSwiftPackageReference "TimeKeeper" */,
				A4810092236F3B090072E4D2 /* XCRemoteSwiftPackageReference "RotatableStack" */,
			);
			productRefGroup = A4DFE131233DCAC200164D30 /* Products */;
			projectDirPath = "";
			projectRoot = "";
			targets = (
				A4DFE12F233DCAC200164D30 /* AnalogClock */,
				A4DFE145233DCAC400164D30 /* AnalogClockTests */,
				A4DFE150233DCAC400164D30 /* AnalogClockUITests */,
			);
		};
/* End PBXProject section */

/* Begin PBXResourcesBuildPhase section */
		A4DFE12E233DCAC200164D30 /* Resources */ = {
			isa = PBXResourcesBuildPhase;
			buildActionMask = 2147483647;
			files = (
				A46C877C246BA2A100C188F1 /* Montserrat-Regular.ttf in Resources */,
				A46C8781246BA39900C188F1 /* Montserrat-Black.ttf in Resources */,
				A4B01A1F2363F4C500AF5D14 /* Localizable.strings in Resources */,
				A46C8783246BA39900C188F1 /* Montserrat-Italic.ttf in Resources */,
				A46C8774246BA1BF00C188F1 /* MajorMonoDisplay-Regular.ttf in Resources */,
				A46C877D246BA2A100C188F1 /* Montserrat-Light.ttf in Resources */,
				A4DFE140233DCAC400164D30 /* LaunchScreen.storyboard in Resources */,
				A4DFE13D233DCAC400164D30 /* Preview Assets.xcassets in Resources */,
				A46C877A246BA2A100C188F1 /* Montserrat-Medium.ttf in Resources */,
				A4DFE13A233DCAC400164D30 /* Assets.xcassets in Resources */,
				A46C8782246BA39900C188F1 /* Montserrat-Bold.ttf in Resources */,
				A46C877B246BA2A100C188F1 /* Montserrat-Thin.ttf in Resources */,
			);
			runOnlyForDeploymentPostprocessing = 0;
		};
		A4DFE144233DCAC400164D30 /* Resources */ = {
			isa = PBXResourcesBuildPhase;
			buildActionMask = 2147483647;
			files = (
			);
			runOnlyForDeploymentPostprocessing = 0;
		};
		A4DFE14F233DCAC400164D30 /* Resources */ = {
			isa = PBXResourcesBuildPhase;
			buildActionMask = 2147483647;
			files = (
			);
			runOnlyForDeploymentPostprocessing = 0;
		};
/* End PBXResourcesBuildPhase section */

/* Begin PBXSourcesBuildPhase section */
		A4DFE12C233DCAC200164D30 /* Sources */ = {
			isa = PBXSourcesBuildPhase;
			buildActionMask = 2147483647;
			files = (
				A4DFE134233DCAC200164D30 /* AppDelegate.swift in Sources */,
				A4DFE136233DCAC200164D30 /* SceneDelegate.swift in Sources */,
				A46C8790246D138500C188F1 /* Font.swift in Sources */,
				A4B01A2B2364BD5700AF5D14 /* MainDisplay.swift in Sources */,
				A4EEAD77237295A500297682 /* defaultKeys.swift in Sources */,
				A4B60F2E234AE80B00797A3B /* limitToRange.swift in Sources */,
				A4B01A292364A4AA00AF5D14 /* SectionHeaderText.swift in Sources */,
				A4F0ADD623616E9C00C74EE9 /* SettingsLink.swift in Sources */,
				A4DFE180233DCD0100164D30 /* AppSettings.swift in Sources */,
				A4B60F2A23484F7100797A3B /* UIMeasurement.swift in Sources */,
				A409FC47239C3D8B0029A523 /* TickTockDisplayView.swift in Sources */,
				A4F0ADD4236159B500C74EE9 /* SettingsPanel.swift in Sources */,
				A4B01A272364115B00AF5D14 /* ClockTicks.swift in Sources */,
				A4FEB0DB2358335F00EA11F9 /* ClockPrecision.swift in Sources */,
				A4FEB0D523582C4900EA11F9 /* DigitalClockView.swift in Sources */,
				A41ECDB7238116F700AF9932 /* PeriodDisplayView.swift in Sources */,
				A4FEB0D723582C6E00EA11F9 /* DigitalClockDateComponents.swift in Sources */,
				A4DFE17F233DCD0100164D30 /* ClockType.swift in Sources */,
				A4ADC5B12362C0390019C756 /* strings.swift in Sources */,
				A4FEB0D923582EA500EA11F9 /* Utilities.swift in Sources */,
				A4FEB0D223582C0300EA11F9 /* ClockHands.swift in Sources */,
				A4DFE18C233DCD0100164D30 /* Ratio.swift in Sources */,
				A46C878E246C5CCF00C188F1 /* Color.swift in Sources */,
				A481008F236E8ADE0072E4D2 /* ClockTimeEmitter.swift in Sources */,
				A46C8770246B0DC700C188F1 /* TimeInterval.swift in Sources */,
				A46C8786246BAC5B00C188F1 /* CustomFonts.swift in Sources */,
				A4DFE138233DCAC200164D30 /* ContentView.swift in Sources */,
				A4FEB0CD23582B3700EA11F9 /* AnalogClockView.swift in Sources */,
				A46C878B246BB18D00C188F1 /* ClockThemeSettings.swift in Sources */,
				A4DFE17D233DCD0100164D30 /* ClockHandType.swift in Sources */,
				A4FEB0DE235CCCE300EA11F9 /* DateDisplayView.swift in Sources */,
				A46C8788246BAD0700C188F1 /* Utility.swift in Sources */,
				A409FC49239CAFDB0029A523 /* types.swift in Sources */,
				A4DFE17E233DCD0100164D30 /* ClockHandController.swift in Sources */,
				A4FEB0D023582BDF00EA11F9 /* ClockNumbers.swift in Sources */,
			);
			runOnlyForDeploymentPostprocessing = 0;
		};
		A4DFE142233DCAC400164D30 /* Sources */ = {
			isa = PBXSourcesBuildPhase;
			buildActionMask = 2147483647;
			files = (
				A4DFE14B233DCAC400164D30 /* AnalogClockTests.swift in Sources */,
			);
			runOnlyForDeploymentPostprocessing = 0;
		};
		A4DFE14D233DCAC400164D30 /* Sources */ = {
			isa = PBXSourcesBuildPhase;
			buildActionMask = 2147483647;
			files = (
				A4DFE156233DCAC400164D30 /* AnalogClockUITests.swift in Sources */,
			);
			runOnlyForDeploymentPostprocessing = 0;
		};
/* End PBXSourcesBuildPhase section */

/* Begin PBXTargetDependency section */
		A4DFE148233DCAC400164D30 /* PBXTargetDependency */ = {
			isa = PBXTargetDependency;
			target = A4DFE12F233DCAC200164D30 /* AnalogClock */;
			targetProxy = A4DFE147233DCAC400164D30 /* PBXContainerItemProxy */;
		};
		A4DFE153233DCAC400164D30 /* PBXTargetDependency */ = {
			isa = PBXTargetDependency;
			target = A4DFE12F233DCAC200164D30 /* AnalogClock */;
			targetProxy = A4DFE152233DCAC400164D30 /* PBXContainerItemProxy */;
		};
/* End PBXTargetDependency section */

/* Begin PBXVariantGroup section */
		A4B01A212363F4C500AF5D14 /* Localizable.strings */ = {
			isa = PBXVariantGroup;
			children = (
				A4B01A202363F4C500AF5D14 /* en */,
				A4B01A222363F4D100AF5D14 /* es */,
				A4B01A232363F4D200AF5D14 /* vi */,
				A4B01A252363FC2A00AF5D14 /* pt-BR */,
			);
			name = Localizable.strings;
			sourceTree = "<group>";
		};
		A4DFE13E233DCAC400164D30 /* LaunchScreen.storyboard */ = {
			isa = PBXVariantGroup;
			children = (
				A4DFE13F233DCAC400164D30 /* Base */,
				A4B01A1D2363EDAE00AF5D14 /* es */,
				A4B01A1E2363EDB900AF5D14 /* vi */,
				A4B01A242363FC2A00AF5D14 /* pt-BR */,
			);
			name = LaunchScreen.storyboard;
			sourceTree = "<group>";
		};
/* End PBXVariantGroup section */

/* Begin XCBuildConfiguration section */
		A4DFE158233DCAC400164D30 /* Debug */ = {
			isa = XCBuildConfiguration;
			buildSettings = {
				ALWAYS_SEARCH_USER_PATHS = NO;
				CLANG_ANALYZER_LOCALIZABILITY_NONLOCALIZED = YES;
				CLANG_ANALYZER_NONNULL = YES;
				CLANG_ANALYZER_NUMBER_OBJECT_CONVERSION = YES_AGGRESSIVE;
				CLANG_CXX_LANGUAGE_STANDARD = "gnu++14";
				CLANG_CXX_LIBRARY = "libc++";
				CLANG_ENABLE_MODULES = YES;
				CLANG_ENABLE_OBJC_ARC = YES;
				CLANG_ENABLE_OBJC_WEAK = YES;
				CLANG_WARN_BLOCK_CAPTURE_AUTORELEASING = YES;
				CLANG_WARN_BOOL_CONVERSION = YES;
				CLANG_WARN_COMMA = YES;
				CLANG_WARN_CONSTANT_CONVERSION = YES;
				CLANG_WARN_DEPRECATED_OBJC_IMPLEMENTATIONS = YES;
				CLANG_WARN_DIRECT_OBJC_ISA_USAGE = YES_ERROR;
				CLANG_WARN_DOCUMENTATION_COMMENTS = YES;
				CLANG_WARN_EMPTY_BODY = YES;
				CLANG_WARN_ENUM_CONVERSION = YES;
				CLANG_WARN_INFINITE_RECURSION = YES;
				CLANG_WARN_INT_CONVERSION = YES;
				CLANG_WARN_NON_LITERAL_NULL_CONVERSION = YES;
				CLANG_WARN_OBJC_IMPLICIT_RETAIN_SELF = YES;
				CLANG_WARN_OBJC_LITERAL_CONVERSION = YES;
				CLANG_WARN_OBJC_ROOT_CLASS = YES_ERROR;
				CLANG_WARN_RANGE_LOOP_ANALYSIS = YES;
				CLANG_WARN_STRICT_PROTOTYPES = YES;
				CLANG_WARN_SUSPICIOUS_MOVE = YES;
				CLANG_WARN_UNGUARDED_AVAILABILITY = YES_AGGRESSIVE;
				CLANG_WARN_UNREACHABLE_CODE = YES;
				CLANG_WARN__DUPLICATE_METHOD_MATCH = YES;
				COPY_PHASE_STRIP = NO;
				DEBUG_INFORMATION_FORMAT = dwarf;
				ENABLE_STRICT_OBJC_MSGSEND = YES;
				ENABLE_TESTABILITY = YES;
				GCC_C_LANGUAGE_STANDARD = gnu11;
				GCC_DYNAMIC_NO_PIC = NO;
				GCC_NO_COMMON_BLOCKS = YES;
				GCC_OPTIMIZATION_LEVEL = 0;
				GCC_PREPROCESSOR_DEFINITIONS = (
					"DEBUG=1",
					"$(inherited)",
				);
				GCC_WARN_64_TO_32_BIT_CONVERSION = YES;
				GCC_WARN_ABOUT_RETURN_TYPE = YES_ERROR;
				GCC_WARN_UNDECLARED_SELECTOR = YES;
				GCC_WARN_UNINITIALIZED_AUTOS = YES_AGGRESSIVE;
				GCC_WARN_UNUSED_FUNCTION = YES;
				GCC_WARN_UNUSED_VARIABLE = YES;
				IPHONEOS_DEPLOYMENT_TARGET = 13.0;
				MTL_ENABLE_DEBUG_INFO = INCLUDE_SOURCE;
				MTL_FAST_MATH = YES;
				ONLY_ACTIVE_ARCH = YES;
				SDKROOT = iphoneos;
				SWIFT_ACTIVE_COMPILATION_CONDITIONS = DEBUG;
				SWIFT_OPTIMIZATION_LEVEL = "-Onone";
			};
			name = Debug;
		};
		A4DFE159233DCAC400164D30 /* Release */ = {
			isa = XCBuildConfiguration;
			buildSettings = {
				ALWAYS_SEARCH_USER_PATHS = NO;
				CLANG_ANALYZER_LOCALIZABILITY_NONLOCALIZED = YES;
				CLANG_ANALYZER_NONNULL = YES;
				CLANG_ANALYZER_NUMBER_OBJECT_CONVERSION = YES_AGGRESSIVE;
				CLANG_CXX_LANGUAGE_STANDARD = "gnu++14";
				CLANG_CXX_LIBRARY = "libc++";
				CLANG_ENABLE_MODULES = YES;
				CLANG_ENABLE_OBJC_ARC = YES;
				CLANG_ENABLE_OBJC_WEAK = YES;
				CLANG_WARN_BLOCK_CAPTURE_AUTORELEASING = YES;
				CLANG_WARN_BOOL_CONVERSION = YES;
				CLANG_WARN_COMMA = YES;
				CLANG_WARN_CONSTANT_CONVERSION = YES;
				CLANG_WARN_DEPRECATED_OBJC_IMPLEMENTATIONS = YES;
				CLANG_WARN_DIRECT_OBJC_ISA_USAGE = YES_ERROR;
				CLANG_WARN_DOCUMENTATION_COMMENTS = YES;
				CLANG_WARN_EMPTY_BODY = YES;
				CLANG_WARN_ENUM_CONVERSION = YES;
				CLANG_WARN_INFINITE_RECURSION = YES;
				CLANG_WARN_INT_CONVERSION = YES;
				CLANG_WARN_NON_LITERAL_NULL_CONVERSION = YES;
				CLANG_WARN_OBJC_IMPLICIT_RETAIN_SELF = YES;
				CLANG_WARN_OBJC_LITERAL_CONVERSION = YES;
				CLANG_WARN_OBJC_ROOT_CLASS = YES_ERROR;
				CLANG_WARN_RANGE_LOOP_ANALYSIS = YES;
				CLANG_WARN_STRICT_PROTOTYPES = YES;
				CLANG_WARN_SUSPICIOUS_MOVE = YES;
				CLANG_WARN_UNGUARDED_AVAILABILITY = YES_AGGRESSIVE;
				CLANG_WARN_UNREACHABLE_CODE = YES;
				CLANG_WARN__DUPLICATE_METHOD_MATCH = YES;
				COPY_PHASE_STRIP = NO;
				DEBUG_INFORMATION_FORMAT = "dwarf-with-dsym";
				ENABLE_NS_ASSERTIONS = NO;
				ENABLE_STRICT_OBJC_MSGSEND = YES;
				ENABLE_TESTABILITY = NO;
				GCC_C_LANGUAGE_STANDARD = gnu11;
				GCC_NO_COMMON_BLOCKS = YES;
				GCC_WARN_64_TO_32_BIT_CONVERSION = YES;
				GCC_WARN_ABOUT_RETURN_TYPE = YES_ERROR;
				GCC_WARN_UNDECLARED_SELECTOR = YES;
				GCC_WARN_UNINITIALIZED_AUTOS = YES_AGGRESSIVE;
				GCC_WARN_UNUSED_FUNCTION = YES;
				GCC_WARN_UNUSED_VARIABLE = YES;
				IPHONEOS_DEPLOYMENT_TARGET = 13.0;
				MTL_ENABLE_DEBUG_INFO = NO;
				MTL_FAST_MATH = YES;
				SDKROOT = iphoneos;
				SWIFT_COMPILATION_MODE = wholemodule;
				SWIFT_OPTIMIZATION_LEVEL = "-O";
				VALIDATE_PRODUCT = YES;
			};
			name = Release;
		};
		A4DFE15B233DCAC400164D30 /* Debug */ = {
			isa = XCBuildConfiguration;
			buildSettings = {
				ASSETCATALOG_COMPILER_APPICON_NAME = AppIcon;
				CODE_SIGN_ENTITLEMENTS = AnalogClock/AnalogClock.entitlements;
				CODE_SIGN_STYLE = Automatic;
				DERIVE_MACCATALYST_PRODUCT_BUNDLE_IDENTIFIER = YES;
				DEVELOPMENT_ASSET_PATHS = "\"AnalogClock/Preview Content\"";
				DEVELOPMENT_TEAM = C62HHAQ8W3;
				ENABLE_PREVIEWS = YES;
				INFOPLIST_FILE = AnalogClock/Info.plist;
				LD_RUNPATH_SEARCH_PATHS = (
					"$(inherited)",
					"@executable_path/Frameworks",
				);
				MARKETING_VERSION = 0.1;
				PRODUCT_BUNDLE_IDENTIFIER = irisview.AnalogClock;
				PRODUCT_NAME = "$(TARGET_NAME)";
				SUPPORTS_MACCATALYST = YES;
				SWIFT_VERSION = 5.0;
				TARGETED_DEVICE_FAMILY = "1,2";
			};
			name = Debug;
		};
		A4DFE15C233DCAC400164D30 /* Release */ = {
			isa = XCBuildConfiguration;
			buildSettings = {
				ASSETCATALOG_COMPILER_APPICON_NAME = AppIcon;
				CODE_SIGN_ENTITLEMENTS = AnalogClock/AnalogClock.entitlements;
				CODE_SIGN_STYLE = Automatic;
				DERIVE_MACCATALYST_PRODUCT_BUNDLE_IDENTIFIER = YES;
				DEVELOPMENT_ASSET_PATHS = "\"AnalogClock/Preview Content\"";
				DEVELOPMENT_TEAM = C62HHAQ8W3;
				ENABLE_PREVIEWS = YES;
				INFOPLIST_FILE = AnalogClock/Info.plist;
				LD_RUNPATH_SEARCH_PATHS = (
					"$(inherited)",
					"@executable_path/Frameworks",
				);
				MARKETING_VERSION = 0.1;
				PRODUCT_BUNDLE_IDENTIFIER = irisview.AnalogClock;
				PRODUCT_NAME = "$(TARGET_NAME)";
				SUPPORTS_MACCATALYST = YES;
				SWIFT_VERSION = 5.0;
				TARGETED_DEVICE_FAMILY = "1,2";
			};
			name = Release;
		};
		A4DFE15E233DCAC400164D30 /* Debug */ = {
			isa = XCBuildConfiguration;
			buildSettings = {
				ALWAYS_EMBED_SWIFT_STANDARD_LIBRARIES = YES;
				BUNDLE_LOADER = "$(TEST_HOST)";
				CODE_SIGN_STYLE = Automatic;
				DEVELOPMENT_TEAM = C62HHAQ8W3;
				INFOPLIST_FILE = AnalogClockTests/Info.plist;
				IPHONEOS_DEPLOYMENT_TARGET = 13.0;
				LD_RUNPATH_SEARCH_PATHS = (
					"$(inherited)",
					"@executable_path/Frameworks",
					"@loader_path/Frameworks",
				);
				PRODUCT_BUNDLE_IDENTIFIER = irisview.AnalogClockTests;
				PRODUCT_NAME = "$(TARGET_NAME)";
				SWIFT_VERSION = 5.0;
				TARGETED_DEVICE_FAMILY = "1,2";
				TEST_HOST = "$(BUILT_PRODUCTS_DIR)/AnalogClock.app/AnalogClock";
			};
			name = Debug;
		};
		A4DFE15F233DCAC400164D30 /* Release */ = {
			isa = XCBuildConfiguration;
			buildSettings = {
				ALWAYS_EMBED_SWIFT_STANDARD_LIBRARIES = YES;
				BUNDLE_LOADER = "$(TEST_HOST)";
				CODE_SIGN_STYLE = Automatic;
				DEVELOPMENT_TEAM = C62HHAQ8W3;
				INFOPLIST_FILE = AnalogClockTests/Info.plist;
				IPHONEOS_DEPLOYMENT_TARGET = 13.0;
				LD_RUNPATH_SEARCH_PATHS = (
					"$(inherited)",
					"@executable_path/Frameworks",
					"@loader_path/Frameworks",
				);
				PRODUCT_BUNDLE_IDENTIFIER = irisview.AnalogClockTests;
				PRODUCT_NAME = "$(TARGET_NAME)";
				SWIFT_VERSION = 5.0;
				TARGETED_DEVICE_FAMILY = "1,2";
				TEST_HOST = "$(BUILT_PRODUCTS_DIR)/AnalogClock.app/AnalogClock";
			};
			name = Release;
		};
		A4DFE161233DCAC400164D30 /* Debug */ = {
			isa = XCBuildConfiguration;
			buildSettings = {
				ALWAYS_EMBED_SWIFT_STANDARD_LIBRARIES = YES;
				CODE_SIGN_STYLE = Automatic;
				DEVELOPMENT_TEAM = C62HHAQ8W3;
				INFOPLIST_FILE = AnalogClockUITests/Info.plist;
				LD_RUNPATH_SEARCH_PATHS = (
					"$(inherited)",
					"@executable_path/Frameworks",
					"@loader_path/Frameworks",
				);
				PRODUCT_BUNDLE_IDENTIFIER = irisview.AnalogClockUITests;
				PRODUCT_NAME = "$(TARGET_NAME)";
				SWIFT_VERSION = 5.0;
				TARGETED_DEVICE_FAMILY = "1,2";
				TEST_TARGET_NAME = AnalogClock;
			};
			name = Debug;
		};
		A4DFE162233DCAC400164D30 /* Release */ = {
			isa = XCBuildConfiguration;
			buildSettings = {
				ALWAYS_EMBED_SWIFT_STANDARD_LIBRARIES = YES;
				CODE_SIGN_STYLE = Automatic;
				DEVELOPMENT_TEAM = C62HHAQ8W3;
				INFOPLIST_FILE = AnalogClockUITests/Info.plist;
				LD_RUNPATH_SEARCH_PATHS = (
					"$(inherited)",
					"@executable_path/Frameworks",
					"@loader_path/Frameworks",
				);
				PRODUCT_BUNDLE_IDENTIFIER = irisview.AnalogClockUITests;
				PRODUCT_NAME = "$(TARGET_NAME)";
				SWIFT_VERSION = 5.0;
				TARGETED_DEVICE_FAMILY = "1,2";
				TEST_TARGET_NAME = AnalogClock;
			};
			name = Release;
		};
/* End XCBuildConfiguration section */

/* Begin XCConfigurationList section */
		A4DFE12B233DCAC200164D30 /* Build configuration list for PBXProject "AnalogClock" */ = {
			isa = XCConfigurationList;
			buildConfigurations = (
				A4DFE158233DCAC400164D30 /* Debug */,
				A4DFE159233DCAC400164D30 /* Release */,
			);
			defaultConfigurationIsVisible = 0;
			defaultConfigurationName = Release;
		};
		A4DFE15A233DCAC400164D30 /* Build configuration list for PBXNativeTarget "AnalogClock" */ = {
			isa = XCConfigurationList;
			buildConfigurations = (
				A4DFE15B233DCAC400164D30 /* Debug */,
				A4DFE15C233DCAC400164D30 /* Release */,
			);
			defaultConfigurationIsVisible = 0;
			defaultConfigurationName = Release;
		};
		A4DFE15D233DCAC400164D30 /* Build configuration list for PBXNativeTarget "AnalogClockTests" */ = {
			isa = XCConfigurationList;
			buildConfigurations = (
				A4DFE15E233DCAC400164D30 /* Debug */,
				A4DFE15F233DCAC400164D30 /* Release */,
			);
			defaultConfigurationIsVisible = 0;
			defaultConfigurationName = Release;
		};
		A4DFE160233DCAC400164D30 /* Build configuration list for PBXNativeTarget "AnalogClockUITests" */ = {
			isa = XCConfigurationList;
			buildConfigurations = (
				A4DFE161233DCAC400164D30 /* Debug */,
				A4DFE162233DCAC400164D30 /* Release */,
			);
			defaultConfigurationIsVisible = 0;
			defaultConfigurationName = Release;
		};
/* End XCConfigurationList section */

/* Begin XCRemoteSwiftPackageReference section */
		A481008B236E881B0072E4D2 /* XCRemoteSwiftPackageReference "TimeKeeper" */ = {
			isa = XCRemoteSwiftPackageReference;
			repositoryURL = "https://github.com/reuschj/TimeKeeper.git";
			requirement = {
				kind = upToNextMajorVersion;
				minimumVersion = 0.5.0;
			};
		};
		A4810092236F3B090072E4D2 /* XCRemoteSwiftPackageReference "RotatableStack" */ = {
			isa = XCRemoteSwiftPackageReference;
			repositoryURL = "https://github.com/reuschj/RotatableStack.git";
			requirement = {
				branch = master;
				kind = branch;
			};
		};
/* End XCRemoteSwiftPackageReference section */

/* Begin XCSwiftPackageProductDependency section */
		A481008C236E881B0072E4D2 /* TimeKeeper */ = {
			isa = XCSwiftPackageProductDependency;
			package = A481008B236E881B0072E4D2 /* XCRemoteSwiftPackageReference "TimeKeeper" */;
			productName = TimeKeeper;
		};
		A4810093236F3B090072E4D2 /* RotatableStack */ = {
			isa = XCSwiftPackageProductDependency;
			package = A4810092236F3B090072E4D2 /* XCRemoteSwiftPackageReference "RotatableStack" */;
			productName = RotatableStack;
		};
/* End XCSwiftPackageProductDependency section */
	};
	rootObject = A4DFE128233DCAC200164D30 /* Project object */;
}
